
Microsoft Visual Studio Solution File, Format Version 12.00
# Visual Studio Version 17
VisualStudioVersion = 17.6.33829.357
MinimumVisualStudioVersion = 10.0.40219.1
Project("{FAE04EC0-301F-11D3-BF4B-00C04F79EFBC}") = "OOO_Sport_Products", "OOO_Sport_Products\OOO_Sport_Products.csproj", "{394C3FF8-9A30-41AF-92CF-05A8583A7A38}"
EndProject
Global
	GlobalSection(SolutionConfigurationPlatforms) = preSolution
		Debug|Any CPU = Debug|Any CPU
		Release|Any CPU = Release|Any CPU
	EndGlobalSection
	GlobalSection(ProjectConfigurationPlatforms) = postSolution
		{394C3FF8-9A30-41AF-92CF-05A8583A7A38}.Debug|Any CPU.ActiveCfg = Debug|Any CPU
		{394C3FF8-9A30-41AF-92CF-05A8583A7A38}.Debug|Any CPU.Build.0 = Debug|Any CPU
		{394C3FF8-9A30-41AF-92CF-05A8583A7A38}.Release|Any CPU.ActiveCfg = Release|Any CPU
		{394C3FF8-9A30-41AF-92CF-05A8583A7A38}.Release|Any CPU.Build.0 = Release|Any CPU
	EndGlobalSection
	GlobalSection(SolutionProperties) = preSolution
		HideSolutionNode = FALSE
	EndGlobalSection
	GlobalSection(ExtensibilityGlobals) = postSolution
		SolutionGuid = {1BBF7104-F78B-45B2-BBAF-C81B26770688}
	EndGlobalSection
EndGlobal
